
Microsoft Visual Studio Solution File, Format Version 12.00
# Visual Studio Version 17
VisualStudioVersion = 17.4.33110.190
MinimumVisualStudioVersion = 10.0.40219.1
Project("{FAE04EC0-301F-11D3-BF4B-00C04F79EFBC}") = "CA-W12", "CA-W12\CA-W12.csproj", "{521E3F21-2BAB-4037-903C-ED96BCB648ED}"
EndProject
Global
	GlobalSection(SolutionConfigurationPlatforms) = preSolution
		Debug|Any CPU = Debug|Any CPU
		Release|Any CPU = Release|Any CPU
	EndGlobalSection
	GlobalSection(ProjectConfigurationPlatforms) = postSolution
		{521E3F21-2BAB-4037-903C-ED96BCB648ED}.Debug|Any CPU.ActiveCfg = Debug|Any CPU
		{521E3F21-2BAB-4037-903C-ED96BCB648ED}.Debug|Any CPU.Build.0 = Debug|Any CPU
		{521E3F21-2BAB-4037-903C-ED96BCB648ED}.Release|Any CPU.ActiveCfg = Release|Any CPU
		{521E3F21-2BAB-4037-903C-ED96BCB648ED}.Release|Any CPU.Build.0 = Release|Any CPU
	EndGlobalSection
	GlobalSection(SolutionProperties) = preSolution
		HideSolutionNode = FALSE
	EndGlobalSection
	GlobalSection(ExtensibilityGlobals) = postSolution
		SolutionGuid = {97D52C7B-25E9-4F9C-8D30-6C8B2D90776B}
	EndGlobalSection
EndGlobal
