
Microsoft Visual Studio Solution File, Format Version 12.00
# Visual Studio Version 17
VisualStudioVersion = 17.4.33110.190
MinimumVisualStudioVersion = 10.0.40219.1
Project("{FAE04EC0-301F-11D3-BF4B-00C04F79EFBC}") = "THA_w2_Carren_H", "THA_w2_Carren_H\THA_w2_Carren_H.csproj", "{C2DF973A-CDDE-47A2-A56F-D9B3310F8D34}"
EndProject
Global
	GlobalSection(SolutionConfigurationPlatforms) = preSolution
		Debug|Any CPU = Debug|Any CPU
		Release|Any CPU = Release|Any CPU
	EndGlobalSection
	GlobalSection(ProjectConfigurationPlatforms) = postSolution
		{C2DF973A-CDDE-47A2-A56F-D9B3310F8D34}.Debug|Any CPU.ActiveCfg = Debug|Any CPU
		{C2DF973A-CDDE-47A2-A56F-D9B3310F8D34}.Debug|Any CPU.Build.0 = Debug|Any CPU
		{C2DF973A-CDDE-47A2-A56F-D9B3310F8D34}.Release|Any CPU.ActiveCfg = Release|Any CPU
		{C2DF973A-CDDE-47A2-A56F-D9B3310F8D34}.Release|Any CPU.Build.0 = Release|Any CPU
	EndGlobalSection
	GlobalSection(SolutionProperties) = preSolution
		HideSolutionNode = FALSE
	EndGlobalSection
	GlobalSection(ExtensibilityGlobals) = postSolution
		SolutionGuid = {96FE3912-2659-4E6B-BDFA-2F71C0D2D1A3}
	EndGlobalSection
EndGlobal
