
Microsoft Visual Studio Solution File, Format Version 12.00
# Visual Studio Version 17
VisualStudioVersion = 17.4.33110.190
MinimumVisualStudioVersion = 10.0.40219.1
Project("{FAE04EC0-301F-11D3-BF4B-00C04F79EFBC}") = "THA_W4_Carren_H", "THA_W4_Carren_H\THA_W4_Carren_H.csproj", "{18859DC0-F634-4E7A-AB6C-414AF580BB9D}"
EndProject
Global
	GlobalSection(SolutionConfigurationPlatforms) = preSolution
		Debug|Any CPU = Debug|Any CPU
		Release|Any CPU = Release|Any CPU
	EndGlobalSection
	GlobalSection(ProjectConfigurationPlatforms) = postSolution
		{18859DC0-F634-4E7A-AB6C-414AF580BB9D}.Debug|Any CPU.ActiveCfg = Debug|Any CPU
		{18859DC0-F634-4E7A-AB6C-414AF580BB9D}.Debug|Any CPU.Build.0 = Debug|Any CPU
		{18859DC0-F634-4E7A-AB6C-414AF580BB9D}.Release|Any CPU.ActiveCfg = Release|Any CPU
		{18859DC0-F634-4E7A-AB6C-414AF580BB9D}.Release|Any CPU.Build.0 = Release|Any CPU
	EndGlobalSection
	GlobalSection(SolutionProperties) = preSolution
		HideSolutionNode = FALSE
	EndGlobalSection
	GlobalSection(ExtensibilityGlobals) = postSolution
		SolutionGuid = {97FAD119-1FAF-40BA-BF82-800DB6FBFBA0}
	EndGlobalSection
EndGlobal
